{
  "version": "v1",
  "packages": {
    "@sentry/react": {
      "signature": "b2281c5bb7daf82c7c75f81c72a04cb3",
      "file": true
    },
    "@sentry/browser": {
      "signature": "bdb76ca0c93fc4af7525499e786f80c0",
      "file": true
    },
    "@sentry/types": {
      "signature": "c03a0fe4a82ebc03999ed074f1a02b3f",
      "file": true
    },
    "@sentry/utils": {
      "signature": "471dd8c4898acb138928b7cf3a44a802",
      "file": true
    },
    "@sentry/core": {
      "signature": "809d77b6744544c8f326ab4bea055625",
      "file": true
    },
    "@sentry-internal/tracing": {
      "signature": "fcd9c637891ba00797a5f89af9eb7b16",
      "file": true
    },
    "@sentry/replay": {
      "signature": "109fc379b17d0efaef94b2474b5d21a0",
      "file": true
    },
    "@sentry-internal/replay-worker": {
      "signature": "2cc20a642f14d2e87f46d5bc98f20e25",
      "file": true
    }
  }
}